
Microsoft Visual Studio Solution File, Format Version 12.00
# Visual Studio Version 16
VisualStudioVersion = 16.0.30621.155
MinimumVisualStudioVersion = 10.0.40219.1
Project("{FAE04EC0-301F-11D3-BF4B-00C04F79EFBC}") = "TwitchPlays", "TwitchPlays.csproj", "{BA254A2D-ECAD-4EA4-B60D-8A3FC0C1898C}"
EndProject
Global
	GlobalSection(SolutionConfigurationPlatforms) = preSolution
		Debug|Any CPU = Debug|Any CPU
		Release|Any CPU = Release|Any CPU
	EndGlobalSection
	GlobalSection(ProjectConfigurationPlatforms) = postSolution
		{BA254A2D-ECAD-4EA4-B60D-8A3FC0C1898C}.Debug|Any CPU.ActiveCfg = Debug|Any CPU
		{BA254A2D-ECAD-4EA4-B60D-8A3FC0C1898C}.Debug|Any CPU.Build.0 = Debug|Any CPU
		{BA254A2D-ECAD-4EA4-B60D-8A3FC0C1898C}.Release|Any CPU.ActiveCfg = Release|Any CPU
		{BA254A2D-ECAD-4EA4-B60D-8A3FC0C1898C}.Release|Any CPU.Build.0 = Release|Any CPU
	EndGlobalSection
	GlobalSection(SolutionProperties) = preSolution
		HideSolutionNode = FALSE
	EndGlobalSection
	GlobalSection(ExtensibilityGlobals) = postSolution
		SolutionGuid = {8EDB5759-51FA-44F4-B70E-5ED304862EF7}
	EndGlobalSection
EndGlobal
